// !$*UTF8*$!
{
	archiveVersion = 1;
	classes = {
	};
	objectVersion = 50;
	objects = {

/* Begin PBXBuildFile section */
		5DC27FD52F1C19EEE45E3947 /* Pods_PDFCreator.framework in Frameworks */ = {isa = PBXBuildFile; fileRef = 770153EE5D0CC5FFF27411F6 /* Pods_PDFCreator.framework */; };
		8F29CCCE25E25B6C00BC84FE /* AppDelegate.swift in Sources */ = {isa = PBXBuildFile; fileRef = 8F29CCCD25E25B6C00BC84FE /* AppDelegate.swift */; };
		8F29CCD225E25B6C00BC84FE /* ViewController.swift in Sources */ = {isa = PBXBuildFile; fileRef = 8F29CCD125E25B6C00BC84FE /* ViewController.swift */; };
		8F29CCD525E25B6C00BC84FE /* Main.storyboard in Resources */ = {isa = PBXBuildFile; fileRef = 8F29CCD325E25B6C00BC84FE /* Main.storyboard */; };
		8F29CCD725E25B6F00BC84FE /* Assets.xcassets in Resources */ = {isa = PBXBuildFile; fileRef = 8F29CCD625E25B6F00BC84FE /* Assets.xcassets */; };
		8F29CCDA25E25B6F00BC84FE /* LaunchScreen.storyboard in Resources */ = {isa = PBXBuildFile; fileRef = 8F29CCD825E25B6F00BC84FE /* LaunchScreen.storyboard */; };
/* End PBXBuildFile section */

/* Begin PBXFileReference section */
		770153EE5D0CC5FFF27411F6 /* Pods_PDFCreator.framework */ = {isa = PBXFileReference; explicitFileType = wrapper.framework; includeInIndex = 0; path = Pods_PDFCreator.framework; sourceTree = BUILT_PRODUCTS_DIR; };
		85FD299202A66F1873156E93 /* Pods-PDFCreator.debug.xcconfig */ = {isa = PBXFileReference; includeInIndex = 1; lastKnownFileType = text.xcconfig; name = "Pods-PDFCreator.debug.xcconfig"; path = "Target Support Files/Pods-PDFCreator/Pods-PDFCreator.debug.xcconfig"; sourceTree = "<group>"; };
		8F29CCCA25E25B6C00BC84FE /* PDFCreator.app */ = {isa = PBXFileReference; explicitFileType = wrapper.application; includeInIndex = 0; path = PDFCreator.app; sourceTree = BUILT_PRODUCTS_DIR; };
		8F29CCCD25E25B6C00BC84FE /* AppDelegate.swift */ = {isa = PBXFileReference; lastKnownFileType = sourcecode.swift; path = AppDelegate.swift; sourceTree = "<group>"; };
		8F29CCD125E25B6C00BC84FE /* ViewController.swift */ = {isa = PBXFileReference; lastKnownFileType = sourcecode.swift; path = ViewController.swift; sourceTree = "<group>"; };
		8F29CCD425E25B6C00BC84FE /* Base */ = {isa = PBXFileReference; lastKnownFileType = file.storyboard; name = Base; path = Base.lproj/Main.storyboard; sourceTree = "<group>"; };
		8F29CCD625E25B6F00BC84FE /* Assets.xcassets */ = {isa = PBXFileReference; lastKnownFileType = folder.assetcatalog; path = Assets.xcassets; sourceTree = "<group>"; };
		8F29CCD925E25B6F00BC84FE /* Base */ = {isa = PBXFileReference; lastKnownFileType = file.storyboard; name = Base; path = Base.lproj/LaunchScreen.storyboard; sourceTree = "<group>"; };
		8F29CCDB25E25B6F00BC84FE /* Info.plist */ = {isa = PBXFileReference; lastKnownFileType = text.plist.xml; path = Info.plist; sourceTree = "<group>"; };
		A059D89701F603020601FFDE /* Pods-PDFCreator.release.xcconfig */ = {isa = PBXFileReference; includeInIndex = 1; lastKnownFileType = text.xcconfig; name = "Pods-PDFCreator.release.xcconfig"; path = "Target Support Files/Pods-PDFCreator/Pods-PDFCreator.release.xcconfig"; sourceTree = "<group>"; };
/* End PBXFileReference section */

/* Begin PBXFrameworksBuildPhase section */
		8F29CCC725E25B6B00BC84FE /* Frameworks */ = {
			isa = PBXFrameworksBuildPhase;
			buildActionMask = 2147483647;
			files = (
				5DC27FD52F1C19EEE45E3947 /* Pods_PDFCreator.framework in Frameworks */,
			);
			runOnlyForDeploymentPostprocessing = 0;
		};
/* End PBXFrameworksBuildPhase section */

/* Begin PBXGroup section */
		33F1C49C64F0F9B6C4C51C18 /* Pods */ = {
			isa = PBXGroup;
			children = (
				85FD299202A66F1873156E93 /* Pods-PDFCreator.debug.xcconfig */,
				A059D89701F603020601FFDE /* Pods-PDFCreator.release.xcconfig */,
			);
			name = Pods;
			path = Pods;
			sourceTree = "<group>";
		};
		7EEB41820223A3B0B4FD0BEA /* Frameworks */ = {
			isa = PBXGroup;
			children = (
				770153EE5D0CC5FFF27411F6 /* Pods_PDFCreator.framework */,
			);
			name = Frameworks;
			sourceTree = "<group>";
		};
		8F29CCC125E25B6B00BC84FE = {
			isa = PBXGroup;
			children = (
				8F29CCCC25E25B6C00BC84FE /* PDFCreator */,
				8F29CCCB25E25B6C00BC84FE /* Products */,
				33F1C49C64F0F9B6C4C51C18 /* Pods */,
				7EEB41820223A3B0B4FD0BEA /* Frameworks */,
			);
			sourceTree = "<group>";
		};
		8F29CCCB25E25B6C00BC84FE /* Products */ = {
			isa = PBXGroup;
			children = (
				8F29CCCA25E25B6C00BC84FE /* PDFCreator.app */,
			);
			name = Products;
			sourceTree = "<group>";
		};
		8F29CCCC25E25B6C00BC84FE /* PDFCreator */ = {
			isa = PBXGroup;
			children = (
				8F29CCCD25E25B6C00BC84FE /* AppDelegate.swift */,
				8F29CCD125E25B6C00BC84FE /* ViewController.swift */,
				8F29CCD325E25B6C00BC84FE /* Main.storyboard */,
				8F29CCD625E25B6F00BC84FE /* Assets.xcassets */,
				8F29CCD825E25B6F00BC84FE /* LaunchScreen.storyboard */,
				8F29CCDB25E25B6F00BC84FE /* Info.plist */,
			);
			path = PDFCreator;
			sourceTree = "<group>";
		};
/* End PBXGroup section */

/* Begin PBXNativeTarget section */
		8F29CCC925E25B6B00BC84FE /* PDFCreator */ = {
			isa = PBXNativeTarget;
			buildConfigurationList = 8F29CCDE25E25B6F00BC84FE /* Build configuration list for PBXNativeTarget "PDFCreator" */;
			buildPhases = (
				B7AECAE872C47D8C53CD80BD /* [CP] Check Pods Manifest.lock */,
				8F29CCC625E25B6B00BC84FE /* Sources */,
				8F29CCC725E25B6B00BC84FE /* Frameworks */,
				8F29CCC825E25B6B00BC84FE /* Resources */,
				6EB4A28E63F4A2238405FE93 /* [CP] Embed Pods Frameworks */,
			);
			buildRules = (
			);
			dependencies = (
			);
			name = PDFCreator;
			productName = PDFCreator;
			productReference = 8F29CCCA25E25B6C00BC84FE /* PDFCreator.app */;
			productType = "com.apple.product-type.application";
		};
/* End PBXNativeTarget section */

/* Begin PBXProject section */
		8F29CCC225E25B6B00BC84FE /* Project object */ = {
			isa = PBXProject;
			attributes = {
				LastSwiftUpdateCheck = 1240;
				LastUpgradeCheck = 1240;
				TargetAttributes = {
					8F29CCC925E25B6B00BC84FE = {
						CreatedOnToolsVersion = 12.4;
					};
				};
			};
			buildConfigurationList = 8F29CCC525E25B6B00BC84FE /* Build configuration list for PBXProject "PDFCreator" */;
			compatibilityVersion = "Xcode 9.3";
			developmentRegion = en;
			hasScannedForEncodings = 0;
			knownRegions = (
				en,
				Base,
			);
			mainGroup = 8F29CCC125E25B6B00BC84FE;
			productRefGroup = 8F29CCCB25E25B6C00BC84FE /* Products */;
			projectDirPath = "";
			projectRoot = "";
			targets = (
				8F29CCC925E25B6B00BC84FE /* PDFCreator */,
			);
		};
/* End PBXProject section */

/* Begin PBXResourcesBuildPhase section */
		8F29CCC825E25B6B00BC84FE /* Resources */ = {
			isa = PBXResourcesBuildPhase;
			buildActionMask = 2147483647;
			files = (
				8F29CCDA25E25B6F00BC84FE /* LaunchScreen.storyboard in Resources */,
				8F29CCD725E25B6F00BC84FE /* Assets.xcassets in Resources */,
				8F29CCD525E25B6C00BC84FE /* Main.storyboard in Resources */,
			);
			runOnlyForDeploymentPostprocessing = 0;
		};
/* End PBXResourcesBuildPhase section */

/* Begin PBXShellScriptBuildPhase section */
		6EB4A28E63F4A2238405FE93 /* [CP] Embed Pods Frameworks */ = {
			isa = PBXShellScriptBuildPhase;
			buildActionMask = 2147483647;
			files = (
			);
			inputFileListPaths = (
				"${PODS_ROOT}/Target Support Files/Pods-PDFCreator/Pods-PDFCreator-frameworks-${CONFIGURATION}-input-files.xcfilelist",
			);
			name = "[CP] Embed Pods Frameworks";
			outputFileListPaths = (
				"${PODS_ROOT}/Target Support Files/Pods-PDFCreator/Pods-PDFCreator-frameworks-${CONFIGURATION}-output-files.xcfilelist",
			);
			runOnlyForDeploymentPostprocessing = 0;
			shellPath = /bin/sh;
			shellScript = "\"${PODS_ROOT}/Target Support Files/Pods-PDFCreator/Pods-PDFCreator-frameworks.sh\"\n";
			showEnvVarsInLog = 0;
		};
		B7AECAE872C47D8C53CD80BD /* [CP] Check Pods Manifest.lock */ = {
			isa = PBXShellScriptBuildPhase;
			buildActionMask = 2147483647;
			files = (
			);
			inputFileListPaths = (
			);
			inputPaths = (
				"${PODS_PODFILE_DIR_PATH}/Podfile.lock",
				"${PODS_ROOT}/Manifest.lock",
			);
			name = "[CP] Check Pods Manifest.lock";
			outputFileListPaths = (
			);
			outputPaths = (
				"$(DERIVED_FILE_DIR)/Pods-PDFCreator-checkManifestLockResult.txt",
			);
			runOnlyForDeploymentPostprocessing = 0;
			shellPath = /bin/sh;
			shellScript = "diff \"${PODS_PODFILE_DIR_PATH}/Podfile.lock\" \"${PODS_ROOT}/Manifest.lock\" > /dev/null\nif [ $? != 0 ] ; then\n    # print error to STDERR\n    echo \"error: The sandbox is not in sync with the Podfile.lock. Run 'pod install' or update your CocoaPods installation.\" >&2\n    exit 1\nfi\n# This output is used by Xcode 'outputs' to avoid re-running this script phase.\necho \"SUCCESS\" > \"${SCRIPT_OUTPUT_FILE_0}\"\n";
			showEnvVarsInLog = 0;
		};
/* End PBXShellScriptBuildPhase section */

/* Begin PBXSourcesBuildPhase section */
		8F29CCC625E25B6B00BC84FE /* Sources */ = {
			isa = PBXSourcesBuildPhase;
			buildActionMask = 2147483647;
			files = (
				8F29CCD225E25B6C00BC84FE /* ViewController.swift in Sources */,
				8F29CCCE25E25B6C00BC84FE /* AppDelegate.swift in Sources */,
			);
			runOnlyForDeploymentPostprocessing = 0;
		};
/* End PBXSourcesBuildPhase section */

/* Begin PBXVariantGroup section */
		8F29CCD325E25B6C00BC84FE /* Main.storyboard */ = {
			isa = PBXVariantGroup;
			children = (
				8F29CCD425E25B6C00BC84FE /* Base */,
			);
			name = Main.storyboard;
			sourceTree = "<group>";
		};
		8F29CCD825E25B6F00BC84FE /* LaunchScreen.storyboard */ = {
			isa = PBXVariantGroup;
			children = (
				8F29CCD925E25B6F00BC84FE /* Base */,
			);
			name = LaunchScreen.storyboard;
			sourceTree = "<group>";
		};
/* End PBXVariantGroup section */

/* Begin XCBuildConfiguration section */
		8F29CCDC25E25B6F00BC84FE /* Debug */ = {
			isa = XCBuildConfiguration;
			buildSettings = {
				ALWAYS_SEARCH_USER_PATHS = NO;
				CLANG_ANALYZER_NONNULL = YES;
				CLANG_ANALYZER_NUMBER_OBJECT_CONVERSION = YES_AGGRESSIVE;
				CLANG_CXX_LANGUAGE_STANDARD = "gnu++14";
				CLANG_CXX_LIBRARY = "libc++";
				CLANG_ENABLE_MODULES = YES;
				CLANG_ENABLE_OBJC_ARC = YES;
				CLANG_ENABLE_OBJC_WEAK = YES;
				CLANG_WARN_BLOCK_CAPTURE_AUTORELEASING = YES;
				CLANG_WARN_BOOL_CONVERSION = YES;
				CLANG_WARN_COMMA = YES;
				CLANG_WARN_CONSTANT_CONVERSION = YES;
				CLANG_WARN_DEPRECATED_OBJC_IMPLEMENTATIONS = YES;
				CLANG_WARN_DIRECT_OBJC_ISA_USAGE = YES_ERROR;
				CLANG_WARN_DOCUMENTATION_COMMENTS = YES;
				CLANG_WARN_EMPTY_BODY = YES;
				CLANG_WARN_ENUM_CONVERSION = YES;
				CLANG_WARN_INFINITE_RECURSION = YES;
				CLANG_WARN_INT_CONVERSION = YES;
				CLANG_WARN_NON_LITERAL_NULL_CONVERSION = YES;
				CLANG_WARN_OBJC_IMPLICIT_RETAIN_SELF = YES;
				CLANG_WARN_OBJC_LITERAL_CONVERSION = YES;
				CLANG_WARN_OBJC_ROOT_CLASS = YES_ERROR;
				CLANG_WARN_QUOTED_INCLUDE_IN_FRAMEWORK_HEADER = YES;
				CLANG_WARN_RANGE_LOOP_ANALYSIS = YES;
				CLANG_WARN_STRICT_PROTOTYPES = YES;
				CLANG_WARN_SUSPICIOUS_MOVE = YES;
				CLANG_WARN_UNGUARDED_AVAILABILITY = YES_AGGRESSIVE;
				CLANG_WARN_UNREACHABLE_CODE = YES;
				CLANG_WARN__DUPLICATE_METHOD_MATCH = YES;
				COPY_PHASE_STRIP = NO;
				DEBUG_INFORMATION_FORMAT = dwarf;
				ENABLE_STRICT_OBJC_MSGSEND = YES;
				ENABLE_TESTABILITY = YES;
				GCC_C_LANGUAGE_STANDARD = gnu11;
				GCC_DYNAMIC_NO_PIC = NO;
				GCC_NO_COMMON_BLOCKS = YES;
				GCC_OPTIMIZATION_LEVEL = 0;
				GCC_PREPROCESSOR_DEFINITIONS = (
					"DEBUG=1",
					"$(inherited)",
				);
				GCC_WARN_64_TO_32_BIT_CONVERSION = YES;
				GCC_WARN_ABOUT_RETURN_TYPE = YES_ERROR;
				GCC_WARN_UNDECLARED_SELECTOR = YES;
				GCC_WARN_UNINITIALIZED_AUTOS = YES_AGGRESSIVE;
				GCC_WARN_UNUSED_FUNCTION = YES;
				GCC_WARN_UNUSED_VARIABLE = YES;
				IPHONEOS_DEPLOYMENT_TARGET = 14.4;
				MTL_ENABLE_DEBUG_INFO = INCLUDE_SOURCE;
				MTL_FAST_MATH = YES;
				ONLY_ACTIVE_ARCH = YES;
				SDKROOT = iphoneos;
				SWIFT_ACTIVE_COMPILATION_CONDITIONS = DEBUG;
				SWIFT_OPTIMIZATION_LEVEL = "-Onone";
			};
			name = Debug;
		};
		8F29CCDD25E25B6F00BC84FE /* Release */ = {
			isa = XCBuildConfiguration;
			buildSettings = {
				ALWAYS_SEARCH_USER_PATHS = NO;
				CLANG_ANALYZER_NONNULL = YES;
				CLANG_ANALYZER_NUMBER_OBJECT_CONVERSION = YES_AGGRESSIVE;
				CLANG_CXX_LANGUAGE_STANDARD = "gnu++14";
				CLANG_CXX_LIBRARY = "libc++";
				CLANG_ENABLE_MODULES = YES;
				CLANG_ENABLE_OBJC_ARC = YES;
				CLANG_ENABLE_OBJC_WEAK = YES;
				CLANG_WARN_BLOCK_CAPTURE_AUTORELEASING = YES;
				CLANG_WARN_BOOL_CONVERSION = YES;
				CLANG_WARN_COMMA = YES;
				CLANG_WARN_CONSTANT_CONVERSION = YES;
				CLANG_WARN_DEPRECATED_OBJC_IMPLEMENTATIONS = YES;
				CLANG_WARN_DIRECT_OBJC_ISA_USAGE = YES_ERROR;
				CLANG_WARN_DOCUMENTATION_COMMENTS = YES;
				CLANG_WARN_EMPTY_BODY = YES;
				CLANG_WARN_ENUM_CONVERSION = YES;
				CLANG_WARN_INFINITE_RECURSION = YES;
				CLANG_WARN_INT_CONVERSION = YES;
				CLANG_WARN_NON_LITERAL_NULL_CONVERSION = YES;
				CLANG_WARN_OBJC_IMPLICIT_RETAIN_SELF = YES;
				CLANG_WARN_OBJC_LITERAL_CONVERSION = YES;
				CLANG_WARN_OBJC_ROOT_CLASS = YES_ERROR;
				CLANG_WARN_QUOTED_INCLUDE_IN_FRAMEWORK_HEADER = YES;
				CLANG_WARN_RANGE_LOOP_ANALYSIS = YES;
				CLANG_WARN_STRICT_PROTOTYPES = YES;
				CLANG_WARN_SUSPICIOUS_MOVE = YES;
				CLANG_WARN_UNGUARDED_AVAILABILITY = YES_AGGRESSIVE;
				CLANG_WARN_UNREACHABLE_CODE = YES;
				CLANG_WARN__DUPLICATE_METHOD_MATCH = YES;
				COPY_PHASE_STRIP = NO;
				DEBUG_INFORMATION_FORMAT = "dwarf-with-dsym";
				ENABLE_NS_ASSERTIONS = NO;
				ENABLE_STRICT_OBJC_MSGSEND = YES;
				GCC_C_LANGUAGE_STANDARD = gnu11;
				GCC_NO_COMMON_BLOCKS = YES;
				GCC_WARN_64_TO_32_BIT_CONVERSION = YES;
				GCC_WARN_ABOUT_RETURN_TYPE = YES_ERROR;
				GCC_WARN_UNDECLARED_SELECTOR = YES;
				GCC_WARN_UNINITIALIZED_AUTOS = YES_AGGRESSIVE;
				GCC_WARN_UNUSED_FUNCTION = YES;
				GCC_WARN_UNUSED_VARIABLE = YES;
				IPHONEOS_DEPLOYMENT_TARGET = 14.4;
				MTL_ENABLE_DEBUG_INFO = NO;
				MTL_FAST_MATH = YES;
				SDKROOT = iphoneos;
				SWIFT_COMPILATION_MODE = wholemodule;
				SWIFT_OPTIMIZATION_LEVEL = "-O";
				VALIDATE_PRODUCT = YES;
			};
			name = Release;
		};
		8F29CCDF25E25B6F00BC84FE /* Debug */ = {
			isa = XCBuildConfiguration;
			baseConfigurationReference = 85FD299202A66F1873156E93 /* Pods-PDFCreator.debug.xcconfig */;
			buildSettings = {
				ASSETCATALOG_COMPILER_APPICON_NAME = AppIcon;
				ASSETCATALOG_COMPILER_GLOBAL_ACCENT_COLOR_NAME = AccentColor;
				CODE_SIGN_STYLE = Automatic;
				INFOPLIST_FILE = PDFCreator/Info.plist;
				IPHONEOS_DEPLOYMENT_TARGET = 13.0;
				LD_RUNPATH_SEARCH_PATHS = (
					"$(inherited)",
					"@executable_path/Frameworks",
				);
				PRODUCT_BUNDLE_IDENTIFIER = com.laika.PDFCreator;
				PRODUCT_NAME = "$(TARGET_NAME)";
				SWIFT_VERSION = 5.0;
				TARGETED_DEVICE_FAMILY = 1;
			};
			name = Debug;
		};
		8F29CCE025E25B6F00BC84FE /* Release */ = {
			isa = XCBuildConfiguration;
			baseConfigurationReference = A059D89701F603020601FFDE /* Pods-PDFCreator.release.xcconfig */;
			buildSettings = {
				ASSETCATALOG_COMPILER_APPICON_NAME = AppIcon;
				ASSETCATALOG_COMPILER_GLOBAL_ACCENT_COLOR_NAME = AccentColor;
				CODE_SIGN_STYLE = Automatic;
				INFOPLIST_FILE = PDFCreator/Info.plist;
				IPHONEOS_DEPLOYMENT_TARGET = 13.0;
				LD_RUNPATH_SEARCH_PATHS = (
					"$(inherited)",
					"@executable_path/Frameworks",
				);
				PRODUCT_BUNDLE_IDENTIFIER = com.laika.PDFCreator;
				PRODUCT_NAME = "$(TARGET_NAME)";
				SWIFT_VERSION = 5.0;
				TARGETED_DEVICE_FAMILY = 1;
			};
			name = Release;
		};
/* End XCBuildConfiguration section */

/* Begin XCConfigurationList section */
		8F29CCC525E25B6B00BC84FE /* Build configuration list for PBXProject "PDFCreator" */ = {
			isa = XCConfigurationList;
			buildConfigurations = (
				8F29CCDC25E25B6F00BC84FE /* Debug */,
				8F29CCDD25E25B6F00BC84FE /* Release */,
			);
			defaultConfigurationIsVisible = 0;
			defaultConfigurationName = Release;
		};
		8F29CCDE25E25B6F00BC84FE /* Build configuration list for PBXNativeTarget "PDFCreator" */ = {
			isa = XCConfigurationList;
			buildConfigurations = (
				8F29CCDF25E25B6F00BC84FE /* Debug */,
				8F29CCE025E25B6F00BC84FE /* Release */,
			);
			defaultConfigurationIsVisible = 0;
			defaultConfigurationName = Release;
		};
/* End XCConfigurationList section */
	};
	rootObject = 8F29CCC225E25B6B00BC84FE /* Project object */;
}
